// !$*UTF8*$!
{
	archiveVersion = 1;
	classes = {
	};
	objectVersion = 56;
	objects = {

/* Begin PBXBuildFile section */
		59D226212993800D00678D0C /* AppDelegate.swift in Sources */ = {isa = PBXBuildFile; fileRef = 59D226202993800D00678D0C /* AppDelegate.swift */; };
		59D226232993800D00678D0C /* SceneDelegate.swift in Sources */ = {isa = PBXBuildFile; fileRef = 59D226222993800D00678D0C /* SceneDelegate.swift */; };
		59D226282993800D00678D0C /* Main.storyboard in Resources */ = {isa = PBXBuildFile; fileRef = 59D226262993800D00678D0C /* Main.storyboard */; };
		59D2262A2993801100678D0C /* Assets.xcassets in Resources */ = {isa = PBXBuildFile; fileRef = 59D226292993801100678D0C /* Assets.xcassets */; };
		59D2262D2993801100678D0C /* LaunchScreen.storyboard in Resources */ = {isa = PBXBuildFile; fileRef = 59D2262B2993801100678D0C /* LaunchScreen.storyboard */; };
		59D226382993801100678D0C /* MVVM_ProjectTests.swift in Sources */ = {isa = PBXBuildFile; fileRef = 59D226372993801100678D0C /* MVVM_ProjectTests.swift */; };
		59D226422993801100678D0C /* MVVM_ProjectUITests.swift in Sources */ = {isa = PBXBuildFile; fileRef = 59D226412993801100678D0C /* MVVM_ProjectUITests.swift */; };
		59D226442993801100678D0C /* MVVM_ProjectUITestsLaunchTests.swift in Sources */ = {isa = PBXBuildFile; fileRef = 59D226432993801100678D0C /* MVVM_ProjectUITestsLaunchTests.swift */; };
		59D2265D299383BB00678D0C /* ProductModel.swift in Sources */ = {isa = PBXBuildFile; fileRef = 59D2265C299383BB00678D0C /* ProductModel.swift */; };
		59D2265F299384A500678D0C /* APIManger.swift in Sources */ = {isa = PBXBuildFile; fileRef = 59D2265E299384A500678D0C /* APIManger.swift */; };
		59D22661299387E500678D0C /* Constant.swift in Sources */ = {isa = PBXBuildFile; fileRef = 59D22660299387E500678D0C /* Constant.swift */; };
		59D2266329939B3500678D0C /* ProductListViewController.swift in Sources */ = {isa = PBXBuildFile; fileRef = 59D2266229939B3500678D0C /* ProductListViewController.swift */; };
		59D2266629939EE100678D0C /* ProductViewModel.swift in Sources */ = {isa = PBXBuildFile; fileRef = 59D2266529939EE100678D0C /* ProductViewModel.swift */; };
		59D226692993C43F00678D0C /* ProductCell.swift in Sources */ = {isa = PBXBuildFile; fileRef = 59D226672993C43F00678D0C /* ProductCell.swift */; };
		59D2266A2993C43F00678D0C /* ProductCell.xib in Resources */ = {isa = PBXBuildFile; fileRef = 59D226682993C43F00678D0C /* ProductCell.xib */; };
		59D2266D2993D4DF00678D0C /* Kingfisher in Frameworks */ = {isa = PBXBuildFile; productRef = 59D2266C2993D4DF00678D0C /* Kingfisher */; };
		59D2266F2993D50E00678D0C /* UIImageView+Extension.swift in Sources */ = {isa = PBXBuildFile; fileRef = 59D2266E2993D50E00678D0C /* UIImageView+Extension.swift */; };
/* End PBXBuildFile section */

/* Begin PBXContainerItemProxy section */
		59D226342993801100678D0C /* PBXContainerItemProxy */ = {
			isa = PBXContainerItemProxy;
			containerPortal = 59D226152993800D00678D0C /* Project object */;
			proxyType = 1;
			remoteGlobalIDString = 59D2261C2993800D00678D0C;
			remoteInfo = "MVVM Project";
		};
		59D2263E2993801100678D0C /* PBXContainerItemProxy */ = {
			isa = PBXContainerItemProxy;
			containerPortal = 59D226152993800D00678D0C /* Project object */;
			proxyType = 1;
			remoteGlobalIDString = 59D2261C2993800D00678D0C;
			remoteInfo = "MVVM Project";
		};
/* End PBXContainerItemProxy section */

/* Begin PBXFileReference section */
		59D2261D2993800D00678D0C /* MVVM Project.app */ = {isa = PBXFileReference; explicitFileType = wrapper.application; includeInIndex = 0; path = "MVVM Project.app"; sourceTree = BUILT_PRODUCTS_DIR; };
		59D226202993800D00678D0C /* AppDelegate.swift */ = {isa = PBXFileReference; lastKnownFileType = sourcecode.swift; path = AppDelegate.swift; sourceTree = "<group>"; };
		59D226222993800D00678D0C /* SceneDelegate.swift */ = {isa = PBXFileReference; lastKnownFileType = sourcecode.swift; path = SceneDelegate.swift; sourceTree = "<group>"; };
		59D226272993800D00678D0C /* Base */ = {isa = PBXFileReference; lastKnownFileType = file.storyboard; name = Base; path = Base.lproj/Main.storyboard; sourceTree = "<group>"; };
		59D226292993801100678D0C /* Assets.xcassets */ = {isa = PBXFileReference; lastKnownFileType = folder.assetcatalog; path = Assets.xcassets; sourceTree = "<group>"; };
		59D2262C2993801100678D0C /* Base */ = {isa = PBXFileReference; lastKnownFileType = file.storyboard; name = Base; path = Base.lproj/LaunchScreen.storyboard; sourceTree = "<group>"; };
		59D2262E2993801100678D0C /* Info.plist */ = {isa = PBXFileReference; lastKnownFileType = text.plist.xml; path = Info.plist; sourceTree = "<group>"; };
		59D226332993801100678D0C /* MVVM ProjectTests.xctest */ = {isa = PBXFileReference; explicitFileType = wrapper.cfbundle; includeInIndex = 0; path = "MVVM ProjectTests.xctest"; sourceTree = BUILT_PRODUCTS_DIR; };
		59D226372993801100678D0C /* MVVM_ProjectTests.swift */ = {isa = PBXFileReference; lastKnownFileType = sourcecode.swift; path = MVVM_ProjectTests.swift; sourceTree = "<group>"; };
		59D2263D2993801100678D0C /* MVVM ProjectUITests.xctest */ = {isa = PBXFileReference; explicitFileType = wrapper.cfbundle; includeInIndex = 0; path = "MVVM ProjectUITests.xctest"; sourceTree = BUILT_PRODUCTS_DIR; };
		59D226412993801100678D0C /* MVVM_ProjectUITests.swift */ = {isa = PBXFileReference; lastKnownFileType = sourcecode.swift; path = MVVM_ProjectUITests.swift; sourceTree = "<group>"; };
		59D226432993801100678D0C /* MVVM_ProjectUITestsLaunchTests.swift */ = {isa = PBXFileReference; lastKnownFileType = sourcecode.swift; path = MVVM_ProjectUITestsLaunchTests.swift; sourceTree = "<group>"; };
		59D2265C299383BB00678D0C /* ProductModel.swift */ = {isa = PBXFileReference; lastKnownFileType = sourcecode.swift; path = ProductModel.swift; sourceTree = "<group>"; };
		59D2265E299384A500678D0C /* APIManger.swift */ = {isa = PBXFileReference; lastKnownFileType = sourcecode.swift; path = APIManger.swift; sourceTree = "<group>"; };
		59D22660299387E500678D0C /* Constant.swift */ = {isa = PBXFileReference; lastKnownFileType = sourcecode.swift; path = Constant.swift; sourceTree = "<group>"; };
		59D2266229939B3500678D0C /* ProductListViewController.swift */ = {isa = PBXFileReference; lastKnownFileType = sourcecode.swift; path = ProductListViewController.swift; sourceTree = "<group>"; };
		59D2266529939EE100678D0C /* ProductViewModel.swift */ = {isa = PBXFileReference; lastKnownFileType = sourcecode.swift; path = ProductViewModel.swift; sourceTree = "<group>"; };
		59D226672993C43F00678D0C /* ProductCell.swift */ = {isa = PBXFileReference; lastKnownFileType = sourcecode.swift; path = ProductCell.swift; sourceTree = "<group>"; };
		59D226682993C43F00678D0C /* ProductCell.xib */ = {isa = PBXFileReference; lastKnownFileType = file.xib; path = ProductCell.xib; sourceTree = "<group>"; };
		59D2266E2993D50E00678D0C /* UIImageView+Extension.swift */ = {isa = PBXFileReference; lastKnownFileType = sourcecode.swift; path = "UIImageView+Extension.swift"; sourceTree = "<group>"; };
/* End PBXFileReference section */

/* Begin PBXFrameworksBuildPhase section */
		59D2261A2993800D00678D0C /* Frameworks */ = {
			isa = PBXFrameworksBuildPhase;
			buildActionMask = 2147483647;
			files = (
				59D2266D2993D4DF00678D0C /* Kingfisher in Frameworks */,
			);
			runOnlyForDeploymentPostprocessing = 0;
		};
		59D226302993801100678D0C /* Frameworks */ = {
			isa = PBXFrameworksBuildPhase;
			buildActionMask = 2147483647;
			files = (
			);
			runOnlyForDeploymentPostprocessing = 0;
		};
		59D2263A2993801100678D0C /* Frameworks */ = {
			isa = PBXFrameworksBuildPhase;
			buildActionMask = 2147483647;
			files = (
			);
			runOnlyForDeploymentPostprocessing = 0;
		};
/* End PBXFrameworksBuildPhase section */

/* Begin PBXGroup section */
		59D226142993800D00678D0C = {
			isa = PBXGroup;
			children = (
				59D2261F2993800D00678D0C /* MVVM Project */,
				59D226362993801100678D0C /* MVVM ProjectTests */,
				59D226402993801100678D0C /* MVVM ProjectUITests */,
				59D2261E2993800D00678D0C /* Products */,
			);
			sourceTree = "<group>";
		};
		59D2261E2993800D00678D0C /* Products */ = {
			isa = PBXGroup;
			children = (
				59D2261D2993800D00678D0C /* MVVM Project.app */,
				59D226332993801100678D0C /* MVVM ProjectTests.xctest */,
				59D2263D2993801100678D0C /* MVVM ProjectUITests.xctest */,
			);
			name = Products;
			sourceTree = "<group>";
		};
		59D2261F2993800D00678D0C /* MVVM Project */ = {
			isa = PBXGroup;
			children = (
				59D22656299380A100678D0C /* Resources */,
				59D226552993808D00678D0C /* StoryBoard */,
				59D226542993807D00678D0C /* Screens */,
				59D226532993806C00678D0C /* Constant */,
				59D226522993806200678D0C /* Helper */,
				59D226512993804700678D0C /* Extension */,
				59D226502993803C00678D0C /* Application */,
				59D2262E2993801100678D0C /* Info.plist */,
			);
			path = "MVVM Project";
			sourceTree = "<group>";
		};
		59D226362993801100678D0C /* MVVM ProjectTests */ = {
			isa = PBXGroup;
			children = (
				59D226372993801100678D0C /* MVVM_ProjectTests.swift */,
			);
			path = "MVVM ProjectTests";
			sourceTree = "<group>";
		};
		59D226402993801100678D0C /* MVVM ProjectUITests */ = {
			isa = PBXGroup;
			children = (
				59D226412993801100678D0C /* MVVM_ProjectUITests.swift */,
				59D226432993801100678D0C /* MVVM_ProjectUITestsLaunchTests.swift */,
			);
			path = "MVVM ProjectUITests";
			sourceTree = "<group>";
		};
		59D226502993803C00678D0C /* Application */ = {
			isa = PBXGroup;
			children = (
				59D226202993800D00678D0C /* AppDelegate.swift */,
				59D226222993800D00678D0C /* SceneDelegate.swift */,
			);
			path = Application;
			sourceTree = "<group>";
		};
		59D226512993804700678D0C /* Extension */ = {
			isa = PBXGroup;
			children = (
				59D2266E2993D50E00678D0C /* UIImageView+Extension.swift */,
			);
			path = Extension;
			sourceTree = "<group>";
		};
		59D226522993806200678D0C /* Helper */ = {
			isa = PBXGroup;
			children = (
				59D2265E299384A500678D0C /* APIManger.swift */,
			);
			path = Helper;
			sourceTree = "<group>";
		};
		59D226532993806C00678D0C /* Constant */ = {
			isa = PBXGroup;
			children = (
				59D22660299387E500678D0C /* Constant.swift */,
			);
			path = Constant;
			sourceTree = "<group>";
		};
		59D226542993807D00678D0C /* Screens */ = {
			isa = PBXGroup;
			children = (
				59D22657299380DF00678D0C /* Product */,
			);
			path = Screens;
			sourceTree = "<group>";
		};
		59D226552993808D00678D0C /* StoryBoard */ = {
			isa = PBXGroup;
			children = (
				59D226262993800D00678D0C /* Main.storyboard */,
				59D2262B2993801100678D0C /* LaunchScreen.storyboard */,
			);
			path = StoryBoard;
			sourceTree = "<group>";
		};
		59D22656299380A100678D0C /* Resources */ = {
			isa = PBXGroup;
			children = (
				59D226292993801100678D0C /* Assets.xcassets */,
			);
			path = Resources;
			sourceTree = "<group>";
		};
		59D22657299380DF00678D0C /* Product */ = {
			isa = PBXGroup;
			children = (
				59D2265B2993811000678D0C /* ViewModel */,
				59D2265A2993810900678D0C /* View */,
				59D22658299380EB00678D0C /* Model */,
			);
			path = Product;
			sourceTree = "<group>";
		};
		59D22658299380EB00678D0C /* Model */ = {
			isa = PBXGroup;
			children = (
				59D2265C299383BB00678D0C /* ProductModel.swift */,
			);
			path = Model;
			sourceTree = "<group>";
		};
		59D2265A2993810900678D0C /* View */ = {
			isa = PBXGroup;
			children = (
				59D2266229939B3500678D0C /* ProductListViewController.swift */,
				59D226672993C43F00678D0C /* ProductCell.swift */,
				59D226682993C43F00678D0C /* ProductCell.xib */,
			);
			path = View;
			sourceTree = "<group>";
		};
		59D2265B2993811000678D0C /* ViewModel */ = {
			isa = PBXGroup;
			children = (
				59D2266529939EE100678D0C /* ProductViewModel.swift */,
			);
			path = ViewModel;
			sourceTree = "<group>";
		};
/* End PBXGroup section */

/* Begin PBXNativeTarget section */
		59D2261C2993800D00678D0C /* MVVM Project */ = {
			isa = PBXNativeTarget;
			buildConfigurationList = 59D226472993801100678D0C /* Build configuration list for PBXNativeTarget "MVVM Project" */;
			buildPhases = (
				59D226192993800D00678D0C /* Sources */,
				59D2261A2993800D00678D0C /* Frameworks */,
				59D2261B2993800D00678D0C /* Resources */,
			);
			buildRules = (
			);
			dependencies = (
			);
			name = "MVVM Project";
			packageProductDependencies = (
				59D2266C2993D4DF00678D0C /* Kingfisher */,
			);
			productName = "MVVM Project";
			productReference = 59D2261D2993800D00678D0C /* MVVM Project.app */;
			productType = "com.apple.product-type.application";
		};
		59D226322993801100678D0C /* MVVM ProjectTests */ = {
			isa = PBXNativeTarget;
			buildConfigurationList = 59D2264A2993801100678D0C /* Build configuration list for PBXNativeTarget "MVVM ProjectTests" */;
			buildPhases = (
				59D2262F2993801100678D0C /* Sources */,
				59D226302993801100678D0C /* Frameworks */,
				59D226312993801100678D0C /* Resources */,
			);
			buildRules = (
			);
			dependencies = (
				59D226352993801100678D0C /* PBXTargetDependency */,
			);
			name = "MVVM ProjectTests";
			productName = "MVVM ProjectTests";
			productReference = 59D226332993801100678D0C /* MVVM ProjectTests.xctest */;
			productType = "com.apple.product-type.bundle.unit-test";
		};
		59D2263C2993801100678D0C /* MVVM ProjectUITests */ = {
			isa = PBXNativeTarget;
			buildConfigurationList = 59D2264D2993801100678D0C /* Build configuration list for PBXNativeTarget "MVVM ProjectUITests" */;
			buildPhases = (
				59D226392993801100678D0C /* Sources */,
				59D2263A2993801100678D0C /* Frameworks */,
				59D2263B2993801100678D0C /* Resources */,
			);
			buildRules = (
			);
			dependencies = (
				59D2263F2993801100678D0C /* PBXTargetDependency */,
			);
			name = "MVVM ProjectUITests";
			productName = "MVVM ProjectUITests";
			productReference = 59D2263D2993801100678D0C /* MVVM ProjectUITests.xctest */;
			productType = "com.apple.product-type.bundle.ui-testing";
		};
/* End PBXNativeTarget section */

/* Begin PBXProject section */
		59D226152993800D00678D0C /* Project object */ = {
			isa = PBXProject;
			attributes = {
				BuildIndependentTargetsInParallel = 1;
				LastSwiftUpdateCheck = 1420;
				LastUpgradeCheck = 1420;
				TargetAttributes = {
					59D2261C2993800D00678D0C = {
						CreatedOnToolsVersion = 14.2;
					};
					59D226322993801100678D0C = {
						CreatedOnToolsVersion = 14.2;
						TestTargetID = 59D2261C2993800D00678D0C;
					};
					59D2263C2993801100678D0C = {
						CreatedOnToolsVersion = 14.2;
						TestTargetID = 59D2261C2993800D00678D0C;
					};
				};
			};
			buildConfigurationList = 59D226182993800D00678D0C /* Build configuration list for PBXProject "MVVM Project" */;
			compatibilityVersion = "Xcode 14.0";
			developmentRegion = en;
			hasScannedForEncodings = 0;
			knownRegions = (
				en,
				Base,
			);
			mainGroup = 59D226142993800D00678D0C;
			packageReferences = (
				59D2266B2993D4DF00678D0C /* XCRemoteSwiftPackageReference "Kingfisher" */,
			);
			productRefGroup = 59D2261E2993800D00678D0C /* Products */;
			projectDirPath = "";
			projectRoot = "";
			targets = (
				59D2261C2993800D00678D0C /* MVVM Project */,
				59D226322993801100678D0C /* MVVM ProjectTests */,
				59D2263C2993801100678D0C /* MVVM ProjectUITests */,
			);
		};
/* End PBXProject section */

/* Begin PBXResourcesBuildPhase section */
		59D2261B2993800D00678D0C /* Resources */ = {
			isa = PBXResourcesBuildPhase;
			buildActionMask = 2147483647;
			files = (
				59D2262D2993801100678D0C /* LaunchScreen.storyboard in Resources */,
				59D2266A2993C43F00678D0C /* ProductCell.xib in Resources */,
				59D2262A2993801100678D0C /* Assets.xcassets in Resources */,
				59D226282993800D00678D0C /* Main.storyboard in Resources */,
			);
			runOnlyForDeploymentPostprocessing = 0;
		};
		59D226312993801100678D0C /* Resources */ = {
			isa = PBXResourcesBuildPhase;
			buildActionMask = 2147483647;
			files = (
			);
			runOnlyForDeploymentPostprocessing = 0;
		};
		59D2263B2993801100678D0C /* Resources */ = {
			isa = PBXResourcesBuildPhase;
			buildActionMask = 2147483647;
			files = (
			);
			runOnlyForDeploymentPostprocessing = 0;
		};
/* End PBXResourcesBuildPhase section */

/* Begin PBXSourcesBuildPhase section */
		59D226192993800D00678D0C /* Sources */ = {
			isa = PBXSourcesBuildPhase;
			buildActionMask = 2147483647;
			files = (
				59D2266629939EE100678D0C /* ProductViewModel.swift in Sources */,
				59D226212993800D00678D0C /* AppDelegate.swift in Sources */,
				59D2265D299383BB00678D0C /* ProductModel.swift in Sources */,
				59D2266F2993D50E00678D0C /* UIImageView+Extension.swift in Sources */,
				59D22661299387E500678D0C /* Constant.swift in Sources */,
				59D2265F299384A500678D0C /* APIManger.swift in Sources */,
				59D226692993C43F00678D0C /* ProductCell.swift in Sources */,
				59D2266329939B3500678D0C /* ProductListViewController.swift in Sources */,
				59D226232993800D00678D0C /* SceneDelegate.swift in Sources */,
			);
			runOnlyForDeploymentPostprocessing = 0;
		};
		59D2262F2993801100678D0C /* Sources */ = {
			isa = PBXSourcesBuildPhase;
			buildActionMask = 2147483647;
			files = (
				59D226382993801100678D0C /* MVVM_ProjectTests.swift in Sources */,
			);
			runOnlyForDeploymentPostprocessing = 0;
		};
		59D226392993801100678D0C /* Sources */ = {
			isa = PBXSourcesBuildPhase;
			buildActionMask = 2147483647;
			files = (
				59D226442993801100678D0C /* MVVM_ProjectUITestsLaunchTests.swift in Sources */,
				59D226422993801100678D0C /* MVVM_ProjectUITests.swift in Sources */,
			);
			runOnlyForDeploymentPostprocessing = 0;
		};
/* End PBXSourcesBuildPhase section */

/* Begin PBXTargetDependency section */
		59D226352993801100678D0C /* PBXTargetDependency */ = {
			isa = PBXTargetDependency;
			target = 59D2261C2993800D00678D0C /* MVVM Project */;
			targetProxy = 59D226342993801100678D0C /* PBXContainerItemProxy */;
		};
		59D2263F2993801100678D0C /* PBXTargetDependency */ = {
			isa = PBXTargetDependency;
			target = 59D2261C2993800D00678D0C /* MVVM Project */;
			targetProxy = 59D2263E2993801100678D0C /* PBXContainerItemProxy */;
		};
/* End PBXTargetDependency section */

/* Begin PBXVariantGroup section */
		59D226262993800D00678D0C /* Main.storyboard */ = {
			isa = PBXVariantGroup;
			children = (
				59D226272993800D00678D0C /* Base */,
			);
			name = Main.storyboard;
			sourceTree = "<group>";
		};
		59D2262B2993801100678D0C /* LaunchScreen.storyboard */ = {
			isa = PBXVariantGroup;
			children = (
				59D2262C2993801100678D0C /* Base */,
			);
			name = LaunchScreen.storyboard;
			sourceTree = "<group>";
		};
/* End PBXVariantGroup section */

/* Begin XCBuildConfiguration section */
		59D226452993801100678D0C /* Debug */ = {
			isa = XCBuildConfiguration;
			buildSettings = {
				ALWAYS_SEARCH_USER_PATHS = NO;
				CLANG_ANALYZER_NONNULL = YES;
				CLANG_ANALYZER_NUMBER_OBJECT_CONVERSION = YES_AGGRESSIVE;
				CLANG_CXX_LANGUAGE_STANDARD = "gnu++20";
				CLANG_ENABLE_MODULES = YES;
				CLANG_ENABLE_OBJC_ARC = YES;
				CLANG_ENABLE_OBJC_WEAK = YES;
				CLANG_WARN_BLOCK_CAPTURE_AUTORELEASING = YES;
				CLANG_WARN_BOOL_CONVERSION = YES;
				CLANG_WARN_COMMA = YES;
				CLANG_WARN_CONSTANT_CONVERSION = YES;
				CLANG_WARN_DEPRECATED_OBJC_IMPLEMENTATIONS = YES;
				CLANG_WARN_DIRECT_OBJC_ISA_USAGE = YES_ERROR;
				CLANG_WARN_DOCUMENTATION_COMMENTS = YES;
				CLANG_WARN_EMPTY_BODY = YES;
				CLANG_WARN_ENUM_CONVERSION = YES;
				CLANG_WARN_INFINITE_RECURSION = YES;
				CLANG_WARN_INT_CONVERSION = YES;
				CLANG_WARN_NON_LITERAL_NULL_CONVERSION = YES;
				CLANG_WARN_OBJC_IMPLICIT_RETAIN_SELF = YES;
				CLANG_WARN_OBJC_LITERAL_CONVERSION = YES;
				CLANG_WARN_OBJC_ROOT_CLASS = YES_ERROR;
				CLANG_WARN_QUOTED_INCLUDE_IN_FRAMEWORK_HEADER = YES;
				CLANG_WARN_RANGE_LOOP_ANALYSIS = YES;
				CLANG_WARN_STRICT_PROTOTYPES = YES;
				CLANG_WARN_SUSPICIOUS_MOVE = YES;
				CLANG_WARN_UNGUARDED_AVAILABILITY = YES_AGGRESSIVE;
				CLANG_WARN_UNREACHABLE_CODE = YES;
				CLANG_WARN__DUPLICATE_METHOD_MATCH = YES;
				COPY_PHASE_STRIP = NO;
				DEBUG_INFORMATION_FORMAT = dwarf;
				ENABLE_STRICT_OBJC_MSGSEND = YES;
				ENABLE_TESTABILITY = YES;
				GCC_C_LANGUAGE_STANDARD = gnu11;
				GCC_DYNAMIC_NO_PIC = NO;
				GCC_NO_COMMON_BLOCKS = YES;
				GCC_OPTIMIZATION_LEVEL = 0;
				GCC_PREPROCESSOR_DEFINITIONS = (
					"DEBUG=1",
					"$(inherited)",
				);
				GCC_WARN_64_TO_32_BIT_CONVERSION = YES;
				GCC_WARN_ABOUT_RETURN_TYPE = YES_ERROR;
				GCC_WARN_UNDECLARED_SELECTOR = YES;
				GCC_WARN_UNINITIALIZED_AUTOS = YES_AGGRESSIVE;
				GCC_WARN_UNUSED_FUNCTION = YES;
				GCC_WARN_UNUSED_VARIABLE = YES;
				IPHONEOS_DEPLOYMENT_TARGET = 16.2;
				MTL_ENABLE_DEBUG_INFO = INCLUDE_SOURCE;
				MTL_FAST_MATH = YES;
				ONLY_ACTIVE_ARCH = YES;
				SDKROOT = iphoneos;
				SWIFT_ACTIVE_COMPILATION_CONDITIONS = DEBUG;
				SWIFT_OPTIMIZATION_LEVEL = "-Onone";
			};
			name = Debug;
		};
		59D226462993801100678D0C /* Release */ = {
			isa = XCBuildConfiguration;
			buildSettings = {
				ALWAYS_SEARCH_USER_PATHS = NO;
				CLANG_ANALYZER_NONNULL = YES;
				CLANG_ANALYZER_NUMBER_OBJECT_CONVERSION = YES_AGGRESSIVE;
				CLANG_CXX_LANGUAGE_STANDARD = "gnu++20";
				CLANG_ENABLE_MODULES = YES;
				CLANG_ENABLE_OBJC_ARC = YES;
				CLANG_ENABLE_OBJC_WEAK = YES;
				CLANG_WARN_BLOCK_CAPTURE_AUTORELEASING = YES;
				CLANG_WARN_BOOL_CONVERSION = YES;
				CLANG_WARN_COMMA = YES;
				CLANG_WARN_CONSTANT_CONVERSION = YES;
				CLANG_WARN_DEPRECATED_OBJC_IMPLEMENTATIONS = YES;
				CLANG_WARN_DIRECT_OBJC_ISA_USAGE = YES_ERROR;
				CLANG_WARN_DOCUMENTATION_COMMENTS = YES;
				CLANG_WARN_EMPTY_BODY = YES;
				CLANG_WARN_ENUM_CONVERSION = YES;
				CLANG_WARN_INFINITE_RECURSION = YES;
				CLANG_WARN_INT_CONVERSION = YES;
				CLANG_WARN_NON_LITERAL_NULL_CONVERSION = YES;
				CLANG_WARN_OBJC_IMPLICIT_RETAIN_SELF = YES;
				CLANG_WARN_OBJC_LITERAL_CONVERSION = YES;
				CLANG_WARN_OBJC_ROOT_CLASS = YES_ERROR;
				CLANG_WARN_QUOTED_INCLUDE_IN_FRAMEWORK_HEADER = YES;
				CLANG_WARN_RANGE_LOOP_ANALYSIS = YES;
				CLANG_WARN_STRICT_PROTOTYPES = YES;
				CLANG_WARN_SUSPICIOUS_MOVE = YES;
				CLANG_WARN_UNGUARDED_AVAILABILITY = YES_AGGRESSIVE;
				CLANG_WARN_UNREACHABLE_CODE = YES;
				CLANG_WARN__DUPLICATE_METHOD_MATCH = YES;
				COPY_PHASE_STRIP = NO;
				DEBUG_INFORMATION_FORMAT = "dwarf-with-dsym";
				ENABLE_NS_ASSERTIONS = NO;
				ENABLE_STRICT_OBJC_MSGSEND = YES;
				GCC_C_LANGUAGE_STANDARD = gnu11;
				GCC_NO_COMMON_BLOCKS = YES;
				GCC_WARN_64_TO_32_BIT_CONVERSION = YES;
				GCC_WARN_ABOUT_RETURN_TYPE = YES_ERROR;
				GCC_WARN_UNDECLARED_SELECTOR = YES;
				GCC_WARN_UNINITIALIZED_AUTOS = YES_AGGRESSIVE;
				GCC_WARN_UNUSED_FUNCTION = YES;
				GCC_WARN_UNUSED_VARIABLE = YES;
				IPHONEOS_DEPLOYMENT_TARGET = 16.2;
				MTL_ENABLE_DEBUG_INFO = NO;
				MTL_FAST_MATH = YES;
				SDKROOT = iphoneos;
				SWIFT_COMPILATION_MODE = wholemodule;
				SWIFT_OPTIMIZATION_LEVEL = "-O";
				VALIDATE_PRODUCT = YES;
			};
			name = Release;
		};
		59D226482993801100678D0C /* Debug */ = {
			isa = XCBuildConfiguration;
			buildSettings = {
				ASSETCATALOG_COMPILER_APPICON_NAME = AppIcon;
				ASSETCATALOG_COMPILER_GLOBAL_ACCENT_COLOR_NAME = AccentColor;
				CODE_SIGN_STYLE = Automatic;
				CURRENT_PROJECT_VERSION = 1;
				GENERATE_INFOPLIST_FILE = YES;
				INFOPLIST_FILE = "MVVM Project/Info.plist";
				INFOPLIST_KEY_UIApplicationSupportsIndirectInputEvents = YES;
				INFOPLIST_KEY_UILaunchStoryboardName = LaunchScreen;
				INFOPLIST_KEY_UIMainStoryboardFile = Main;
				INFOPLIST_KEY_UISupportedInterfaceOrientations_iPad = "UIInterfaceOrientationPortrait UIInterfaceOrientationPortraitUpsideDown UIInterfaceOrientationLandscapeLeft UIInterfaceOrientationLandscapeRight";
				INFOPLIST_KEY_UISupportedInterfaceOrientations_iPhone = "UIInterfaceOrientationPortrait UIInterfaceOrientationLandscapeLeft UIInterfaceOrientationLandscapeRight";
				LD_RUNPATH_SEARCH_PATHS = (
					"$(inherited)",
					"@executable_path/Frameworks",
				);
				MARKETING_VERSION = 1.0;
				PRODUCT_BUNDLE_IDENTIFIER = "co.docquityIntern.MVVM-Project";
				PRODUCT_NAME = "$(TARGET_NAME)";
				SWIFT_EMIT_LOC_STRINGS = YES;
				SWIFT_VERSION = 5.0;
				TARGETED_DEVICE_FAMILY = "1,2";
			};
			name = Debug;
		};
		59D226492993801100678D0C /* Release */ = {
			isa = XCBuildConfiguration;
			buildSettings = {
				ASSETCATALOG_COMPILER_APPICON_NAME = AppIcon;
				ASSETCATALOG_COMPILER_GLOBAL_ACCENT_COLOR_NAME = AccentColor;
				CODE_SIGN_STYLE = Automatic;
				CURRENT_PROJECT_VERSION = 1;
				GENERATE_INFOPLIST_FILE = YES;
				INFOPLIST_FILE = "MVVM Project/Info.plist";
				INFOPLIST_KEY_UIApplicationSupportsIndirectInputEvents = YES;
				INFOPLIST_KEY_UILaunchStoryboardName = LaunchScreen;
				INFOPLIST_KEY_UIMainStoryboardFile = Main;
				INFOPLIST_KEY_UISupportedInterfaceOrientations_iPad = "UIInterfaceOrientationPortrait UIInterfaceOrientationPortraitUpsideDown UIInterfaceOrientationLandscapeLeft UIInterfaceOrientationLandscapeRight";
				INFOPLIST_KEY_UISupportedInterfaceOrientations_iPhone = "UIInterfaceOrientationPortrait UIInterfaceOrientationLandscapeLeft UIInterfaceOrientationLandscapeRight";
				LD_RUNPATH_SEARCH_PATHS = (
					"$(inherited)",
					"@executable_path/Frameworks",
				);
				MARKETING_VERSION = 1.0;
				PRODUCT_BUNDLE_IDENTIFIER = "co.docquityIntern.MVVM-Project";
				PRODUCT_NAME = "$(TARGET_NAME)";
				SWIFT_EMIT_LOC_STRINGS = YES;
				SWIFT_VERSION = 5.0;
				TARGETED_DEVICE_FAMILY = "1,2";
			};
			name = Release;
		};
		59D2264B2993801100678D0C /* Debug */ = {
			isa = XCBuildConfiguration;
			buildSettings = {
				ALWAYS_EMBED_SWIFT_STANDARD_LIBRARIES = YES;
				BUNDLE_LOADER = "$(TEST_HOST)";
				CODE_SIGN_STYLE = Automatic;
				CURRENT_PROJECT_VERSION = 1;
				GENERATE_INFOPLIST_FILE = YES;
				IPHONEOS_DEPLOYMENT_TARGET = 16.2;
				MARKETING_VERSION = 1.0;
				PRODUCT_BUNDLE_IDENTIFIER = "co.docquityIntern.MVVM-ProjectTests";
				PRODUCT_NAME = "$(TARGET_NAME)";
				SWIFT_EMIT_LOC_STRINGS = NO;
				SWIFT_VERSION = 5.0;
				TARGETED_DEVICE_FAMILY = "1,2";
				TEST_HOST = "$(BUILT_PRODUCTS_DIR)/MVVM Project.app/$(BUNDLE_EXECUTABLE_FOLDER_PATH)/MVVM Project";
			};
			name = Debug;
		};
		59D2264C2993801100678D0C /* Release */ = {
			isa = XCBuildConfiguration;
			buildSettings = {
				ALWAYS_EMBED_SWIFT_STANDARD_LIBRARIES = YES;
				BUNDLE_LOADER = "$(TEST_HOST)";
				CODE_SIGN_STYLE = Automatic;
				CURRENT_PROJECT_VERSION = 1;
				GENERATE_INFOPLIST_FILE = YES;
				IPHONEOS_DEPLOYMENT_TARGET = 16.2;
				MARKETING_VERSION = 1.0;
				PRODUCT_BUNDLE_IDENTIFIER = "co.docquityIntern.MVVM-ProjectTests";
				PRODUCT_NAME = "$(TARGET_NAME)";
				SWIFT_EMIT_LOC_STRINGS = NO;
				SWIFT_VERSION = 5.0;
				TARGETED_DEVICE_FAMILY = "1,2";
				TEST_HOST = "$(BUILT_PRODUCTS_DIR)/MVVM Project.app/$(BUNDLE_EXECUTABLE_FOLDER_PATH)/MVVM Project";
			};
			name = Release;
		};
		59D2264E2993801100678D0C /* Debug */ = {
			isa = XCBuildConfiguration;
			buildSettings = {
				ALWAYS_EMBED_SWIFT_STANDARD_LIBRARIES = YES;
				CODE_SIGN_STYLE = Automatic;
				CURRENT_PROJECT_VERSION = 1;
				GENERATE_INFOPLIST_FILE = YES;
				MARKETING_VERSION = 1.0;
				PRODUCT_BUNDLE_IDENTIFIER = "co.docquityIntern.MVVM-ProjectUITests";
				PRODUCT_NAME = "$(TARGET_NAME)";
				SWIFT_EMIT_LOC_STRINGS = NO;
				SWIFT_VERSION = 5.0;
				TARGETED_DEVICE_FAMILY = "1,2";
				TEST_TARGET_NAME = "MVVM Project";
			};
			name = Debug;
		};
		59D2264F2993801100678D0C /* Release */ = {
			isa = XCBuildConfiguration;
			buildSettings = {
				ALWAYS_EMBED_SWIFT_STANDARD_LIBRARIES = YES;
				CODE_SIGN_STYLE = Automatic;
				CURRENT_PROJECT_VERSION = 1;
				GENERATE_INFOPLIST_FILE = YES;
				MARKETING_VERSION = 1.0;
				PRODUCT_BUNDLE_IDENTIFIER = "co.docquityIntern.MVVM-ProjectUITests";
				PRODUCT_NAME = "$(TARGET_NAME)";
				SWIFT_EMIT_LOC_STRINGS = NO;
				SWIFT_VERSION = 5.0;
				TARGETED_DEVICE_FAMILY = "1,2";
				TEST_TARGET_NAME = "MVVM Project";
			};
			name = Release;
		};
/* End XCBuildConfiguration section */

/* Begin XCConfigurationList section */
		59D226182993800D00678D0C /* Build configuration list for PBXProject "MVVM Project" */ = {
			isa = XCConfigurationList;
			buildConfigurations = (
				59D226452993801100678D0C /* Debug */,
				59D226462993801100678D0C /* Release */,
			);
			defaultConfigurationIsVisible = 0;
			defaultConfigurationName = Release;
		};
		59D226472993801100678D0C /* Build configuration list for PBXNativeTarget "MVVM Project" */ = {
			isa = XCConfigurationList;
			buildConfigurations = (
				59D226482993801100678D0C /* Debug */,
				59D226492993801100678D0C /* Release */,
			);
			defaultConfigurationIsVisible = 0;
			defaultConfigurationName = Release;
		};
		59D2264A2993801100678D0C /* Build configuration list for PBXNativeTarget "MVVM ProjectTests" */ = {
			isa = XCConfigurationList;
			buildConfigurations = (
				59D2264B2993801100678D0C /* Debug */,
				59D2264C2993801100678D0C /* Release */,
			);
			defaultConfigurationIsVisible = 0;
			defaultConfigurationName = Release;
		};
		59D2264D2993801100678D0C /* Build configuration list for PBXNativeTarget "MVVM ProjectUITests" */ = {
			isa = XCConfigurationList;
			buildConfigurations = (
				59D2264E2993801100678D0C /* Debug */,
				59D2264F2993801100678D0C /* Release */,
			);
			defaultConfigurationIsVisible = 0;
			defaultConfigurationName = Release;
		};
/* End XCConfigurationList section */

/* Begin XCRemoteSwiftPackageReference section */
		59D2266B2993D4DF00678D0C /* XCRemoteSwiftPackageReference "Kingfisher" */ = {
			isa = XCRemoteSwiftPackageReference;
			repositoryURL = "https://github.com/onevcat/Kingfisher.git";
			requirement = {
				kind = upToNextMajorVersion;
				minimumVersion = 7.0.0;
			};
		};
/* End XCRemoteSwiftPackageReference section */

/* Begin XCSwiftPackageProductDependency section */
		59D2266C2993D4DF00678D0C /* Kingfisher */ = {
			isa = XCSwiftPackageProductDependency;
			package = 59D2266B2993D4DF00678D0C /* XCRemoteSwiftPackageReference "Kingfisher" */;
			productName = Kingfisher;
		};
/* End XCSwiftPackageProductDependency section */
	};
	rootObject = 59D226152993800D00678D0C /* Project object */;
}
